
Microsoft Visual Studio Solution File, Format Version 12.00
# Visual Studio Version 17
VisualStudioVersion = 17.10.34916.146
MinimumVisualStudioVersion = 10.0.40219.1
Project("{FAE04EC0-301F-11D3-BF4B-00C04F79EFBC}") = "LibraryManagementSystem", "LibraryManagementSystem\LibraryManagementSystem.csproj", "{8B777E74-568D-4C53-9F28-DA07F01A487C}"
EndProject
Global
	GlobalSection(SolutionConfigurationPlatforms) = preSolution
		Debug|Any CPU = Debug|Any CPU
		Release|Any CPU = Release|Any CPU
	EndGlobalSection
	GlobalSection(ProjectConfigurationPlatforms) = postSolution
		{8B777E74-568D-4C53-9F28-DA07F01A487C}.Debug|Any CPU.ActiveCfg = Debug|Any CPU
		{8B777E74-568D-4C53-9F28-DA07F01A487C}.Debug|Any CPU.Build.0 = Debug|Any CPU
		{8B777E74-568D-4C53-9F28-DA07F01A487C}.Release|Any CPU.ActiveCfg = Release|Any CPU
		{8B777E74-568D-4C53-9F28-DA07F01A487C}.Release|Any CPU.Build.0 = Release|Any CPU
	EndGlobalSection
	GlobalSection(SolutionProperties) = preSolution
		HideSolutionNode = FALSE
	EndGlobalSection
	GlobalSection(ExtensibilityGlobals) = postSolution
		SolutionGuid = {83BC17A5-88AE-47CD-9180-2A4D732384EE}
	EndGlobalSection
EndGlobal
