
Microsoft Visual Studio Solution File, Format Version 12.00
# Visual Studio 2013
VisualStudioVersion = 12.0.21005.1
MinimumVisualStudioVersion = 10.0.40219.1
Project("{FAE04EC0-301F-11D3-BF4B-00C04F79EFBC}") = "WarehouseManagementSystem", "WarehouseManagementSystem\WarehouseManagementSystem.csproj", "{D569CA20-35FE-4048-A659-B300570DC6B4}"
EndProject
Project("{FAE04EC0-301F-11D3-BF4B-00C04F79EFBC}") = "WarehouseBLL", "WarehouseBLL\WarehouseBLL.csproj", "{EA0711BC-E398-4144-8B27-6409AD98F741}"
EndProject
Project("{FAE04EC0-301F-11D3-BF4B-00C04F79EFBC}") = "WarehouseDAL", "WarehouseDAL\WarehouseDAL.csproj", "{22C0A8B2-34F2-458E-AA45-40C1F00E130D}"
EndProject
Project("{FAE04EC0-301F-11D3-BF4B-00C04F79EFBC}") = "WarehouseModels", "WarehouseModels\WarehouseModels.csproj", "{AA5DBA2D-D27F-4A56-98CD-0AC1B754F66A}"
EndProject
Global
	GlobalSection(SolutionConfigurationPlatforms) = preSolution
		Debug|Any CPU = Debug|Any CPU
		Release|Any CPU = Release|Any CPU
	EndGlobalSection
	GlobalSection(ProjectConfigurationPlatforms) = postSolution
		{D569CA20-35FE-4048-A659-B300570DC6B4}.Debug|Any CPU.ActiveCfg = Debug|Any CPU
		{D569CA20-35FE-4048-A659-B300570DC6B4}.Debug|Any CPU.Build.0 = Debug|Any CPU
		{D569CA20-35FE-4048-A659-B300570DC6B4}.Release|Any CPU.ActiveCfg = Release|Any CPU
		{D569CA20-35FE-4048-A659-B300570DC6B4}.Release|Any CPU.Build.0 = Release|Any CPU
		{EA0711BC-E398-4144-8B27-6409AD98F741}.Debug|Any CPU.ActiveCfg = Debug|Any CPU
		{EA0711BC-E398-4144-8B27-6409AD98F741}.Debug|Any CPU.Build.0 = Debug|Any CPU
		{EA0711BC-E398-4144-8B27-6409AD98F741}.Release|Any CPU.ActiveCfg = Release|Any CPU
		{EA0711BC-E398-4144-8B27-6409AD98F741}.Release|Any CPU.Build.0 = Release|Any CPU
		{22C0A8B2-34F2-458E-AA45-40C1F00E130D}.Debug|Any CPU.ActiveCfg = Debug|Any CPU
		{22C0A8B2-34F2-458E-AA45-40C1F00E130D}.Debug|Any CPU.Build.0 = Debug|Any CPU
		{22C0A8B2-34F2-458E-AA45-40C1F00E130D}.Release|Any CPU.ActiveCfg = Release|Any CPU
		{22C0A8B2-34F2-458E-AA45-40C1F00E130D}.Release|Any CPU.Build.0 = Release|Any CPU
		{AA5DBA2D-D27F-4A56-98CD-0AC1B754F66A}.Debug|Any CPU.ActiveCfg = Debug|Any CPU
		{AA5DBA2D-D27F-4A56-98CD-0AC1B754F66A}.Debug|Any CPU.Build.0 = Debug|Any CPU
		{AA5DBA2D-D27F-4A56-98CD-0AC1B754F66A}.Release|Any CPU.ActiveCfg = Release|Any CPU
		{AA5DBA2D-D27F-4A56-98CD-0AC1B754F66A}.Release|Any CPU.Build.0 = Release|Any CPU
	EndGlobalSection
	GlobalSection(SolutionProperties) = preSolution
		HideSolutionNode = FALSE
	EndGlobalSection
EndGlobal
