
Microsoft Visual Studio Solution File, Format Version 12.00
# Visual Studio Version 17
VisualStudioVersion = 17.10.34916.146
MinimumVisualStudioVersion = 10.0.40219.1
Project("{FAE04EC0-301F-11D3-BF4B-00C04F79EFBC}") = "StuInfoManageSystem", "StuInfoManageSystem\StuInfoManageSystem.csproj", "{413BA4CA-C6D1-4A17-9C2A-6B59005151BC}"
EndProject
Global
	GlobalSection(SolutionConfigurationPlatforms) = preSolution
		Debug|Any CPU = Debug|Any CPU
		Release|Any CPU = Release|Any CPU
	EndGlobalSection
	GlobalSection(ProjectConfigurationPlatforms) = postSolution
		{413BA4CA-C6D1-4A17-9C2A-6B59005151BC}.Debug|Any CPU.ActiveCfg = Debug|Any CPU
		{413BA4CA-C6D1-4A17-9C2A-6B59005151BC}.Debug|Any CPU.Build.0 = Debug|Any CPU
		{413BA4CA-C6D1-4A17-9C2A-6B59005151BC}.Release|Any CPU.ActiveCfg = Release|Any CPU
		{413BA4CA-C6D1-4A17-9C2A-6B59005151BC}.Release|Any CPU.Build.0 = Release|Any CPU
	EndGlobalSection
	GlobalSection(SolutionProperties) = preSolution
		HideSolutionNode = FALSE
	EndGlobalSection
	GlobalSection(ExtensibilityGlobals) = postSolution
		SolutionGuid = {1843208D-4D1A-4C49-AC2D-B4D6AF303177}
	EndGlobalSection
EndGlobal
